
Microsoft Visual Studio Solution File, Format Version 12.00
# Visual Studio Version 17
VisualStudioVersion = 17.9.34616.47
MinimumVisualStudioVersion = 10.0.40219.1
Project("{8BC9CEB8-8B4A-11D0-8D11-00A0C91BC942}") = "activitystruct_0184", "activitystruct_0184\activitystruct_0184.vcxproj", "{57E2BCDD-EB1E-4BA9-8C81-E41769529EB8}"
EndProject
Project("{8BC9CEB8-8B4A-11D0-8D11-00A0C91BC942}") = "activitystruct_0184_2", "activitystruct_0184_2\activitystruct_0184_2.vcxproj", "{AFEDCC93-6D4D-49E2-8A1C-E60124210575}"
EndProject
Project("{8BC9CEB8-8B4A-11D0-8D11-00A0C91BC942}") = "activitystruct_0184_3", "activitystruct_0184_3\activitystruct_0184_3.vcxproj", "{E8BF98C3-6EAA-4179-8883-71EFB2AA57FA}"
EndProject
Project("{8BC9CEB8-8B4A-11D0-8D11-00A0C91BC942}") = "activitystruct_0184_4", "activitystruct_0184_4\activitystruct_0184_4.vcxproj", "{AE12B1E6-CA4F-4981-AC79-41081F7609DF}"
EndProject
Global
	GlobalSection(SolutionConfigurationPlatforms) = preSolution
		Debug|x64 = Debug|x64
		Debug|x86 = Debug|x86
		Release|x64 = Release|x64
		Release|x86 = Release|x86
	EndGlobalSection
	GlobalSection(ProjectConfigurationPlatforms) = postSolution
		{57E2BCDD-EB1E-4BA9-8C81-E41769529EB8}.Debug|x64.ActiveCfg = Debug|x64
		{57E2BCDD-EB1E-4BA9-8C81-E41769529EB8}.Debug|x64.Build.0 = Debug|x64
		{57E2BCDD-EB1E-4BA9-8C81-E41769529EB8}.Debug|x86.ActiveCfg = Debug|Win32
		{57E2BCDD-EB1E-4BA9-8C81-E41769529EB8}.Debug|x86.Build.0 = Debug|Win32
		{57E2BCDD-EB1E-4BA9-8C81-E41769529EB8}.Release|x64.ActiveCfg = Release|x64
		{57E2BCDD-EB1E-4BA9-8C81-E41769529EB8}.Release|x64.Build.0 = Release|x64
		{57E2BCDD-EB1E-4BA9-8C81-E41769529EB8}.Release|x86.ActiveCfg = Release|Win32
		{57E2BCDD-EB1E-4BA9-8C81-E41769529EB8}.Release|x86.Build.0 = Release|Win32
		{AFEDCC93-6D4D-49E2-8A1C-E60124210575}.Debug|x64.ActiveCfg = Debug|x64
		{AFEDCC93-6D4D-49E2-8A1C-E60124210575}.Debug|x64.Build.0 = Debug|x64
		{AFEDCC93-6D4D-49E2-8A1C-E60124210575}.Debug|x86.ActiveCfg = Debug|Win32
		{AFEDCC93-6D4D-49E2-8A1C-E60124210575}.Debug|x86.Build.0 = Debug|Win32
		{AFEDCC93-6D4D-49E2-8A1C-E60124210575}.Release|x64.ActiveCfg = Release|x64
		{AFEDCC93-6D4D-49E2-8A1C-E60124210575}.Release|x64.Build.0 = Release|x64
		{AFEDCC93-6D4D-49E2-8A1C-E60124210575}.Release|x86.ActiveCfg = Release|Win32
		{AFEDCC93-6D4D-49E2-8A1C-E60124210575}.Release|x86.Build.0 = Release|Win32
		{E8BF98C3-6EAA-4179-8883-71EFB2AA57FA}.Debug|x64.ActiveCfg = Debug|x64
		{E8BF98C3-6EAA-4179-8883-71EFB2AA57FA}.Debug|x64.Build.0 = Debug|x64
		{E8BF98C3-6EAA-4179-8883-71EFB2AA57FA}.Debug|x86.ActiveCfg = Debug|Win32
		{E8BF98C3-6EAA-4179-8883-71EFB2AA57FA}.Debug|x86.Build.0 = Debug|Win32
		{E8BF98C3-6EAA-4179-8883-71EFB2AA57FA}.Release|x64.ActiveCfg = Release|x64
		{E8BF98C3-6EAA-4179-8883-71EFB2AA57FA}.Release|x64.Build.0 = Release|x64
		{E8BF98C3-6EAA-4179-8883-71EFB2AA57FA}.Release|x86.ActiveCfg = Release|Win32
		{E8BF98C3-6EAA-4179-8883-71EFB2AA57FA}.Release|x86.Build.0 = Release|Win32
		{AE12B1E6-CA4F-4981-AC79-41081F7609DF}.Debug|x64.ActiveCfg = Debug|x64
		{AE12B1E6-CA4F-4981-AC79-41081F7609DF}.Debug|x64.Build.0 = Debug|x64
		{AE12B1E6-CA4F-4981-AC79-41081F7609DF}.Debug|x86.ActiveCfg = Debug|Win32
		{AE12B1E6-CA4F-4981-AC79-41081F7609DF}.Debug|x86.Build.0 = Debug|Win32
		{AE12B1E6-CA4F-4981-AC79-41081F7609DF}.Release|x64.ActiveCfg = Release|x64
		{AE12B1E6-CA4F-4981-AC79-41081F7609DF}.Release|x64.Build.0 = Release|x64
		{AE12B1E6-CA4F-4981-AC79-41081F7609DF}.Release|x86.ActiveCfg = Release|Win32
		{AE12B1E6-CA4F-4981-AC79-41081F7609DF}.Release|x86.Build.0 = Release|Win32
	EndGlobalSection
	GlobalSection(SolutionProperties) = preSolution
		HideSolutionNode = FALSE
	EndGlobalSection
	GlobalSection(ExtensibilityGlobals) = postSolution
		SolutionGuid = {3153DEF5-EC16-4B54-8ADF-B8A335DDE66D}
	EndGlobalSection
EndGlobal
